
Microsoft Visual Studio Solution File, Format Version 12.00
# Visual Studio 2012
Project("{FAE04EC0-301F-11D3-BF4B-00C04F79EFBC}") = "kitchentimer", "kitchentimer\kitchentimer.csproj", "{9EFA3A12-537C-4009-BEB3-91F5722566F6}"
EndProject
Project("{FAE04EC0-301F-11D3-BF4B-00C04F79EFBC}") = "kitchentimer.iOS", "iOS\kitchentimer.iOS.csproj", "{6D22DF1D-1274-4B76-8EFD-985CE9415E16}"
EndProject
Project("{FAE04EC0-301F-11D3-BF4B-00C04F79EFBC}") = "kitchentimer.Droid", "Droid\kitchentimer.Droid.csproj", "{73117548-7BA4-4427-A27B-BF1157F0C802}"
EndProject
Global
	GlobalSection(SolutionConfigurationPlatforms) = preSolution
		Debug|Any CPU = Debug|Any CPU
		Release|Any CPU = Release|Any CPU
		Debug|iPhoneSimulator = Debug|iPhoneSimulator
		Release|iPhone = Release|iPhone
		Release|iPhoneSimulator = Release|iPhoneSimulator
		Debug|iPhone = Debug|iPhone
	EndGlobalSection
	GlobalSection(ProjectConfigurationPlatforms) = postSolution
		{9EFA3A12-537C-4009-BEB3-91F5722566F6}.Debug|Any CPU.ActiveCfg = Debug|Any CPU
		{9EFA3A12-537C-4009-BEB3-91F5722566F6}.Debug|Any CPU.Build.0 = Debug|Any CPU
		{9EFA3A12-537C-4009-BEB3-91F5722566F6}.Release|Any CPU.ActiveCfg = Release|Any CPU
		{9EFA3A12-537C-4009-BEB3-91F5722566F6}.Release|Any CPU.Build.0 = Release|Any CPU
		{9EFA3A12-537C-4009-BEB3-91F5722566F6}.Debug|iPhoneSimulator.ActiveCfg = Debug|Any CPU
		{9EFA3A12-537C-4009-BEB3-91F5722566F6}.Debug|iPhoneSimulator.Build.0 = Debug|Any CPU
		{9EFA3A12-537C-4009-BEB3-91F5722566F6}.Release|iPhone.ActiveCfg = Release|Any CPU
		{9EFA3A12-537C-4009-BEB3-91F5722566F6}.Release|iPhone.Build.0 = Release|Any CPU
		{9EFA3A12-537C-4009-BEB3-91F5722566F6}.Release|iPhoneSimulator.ActiveCfg = Release|Any CPU
		{9EFA3A12-537C-4009-BEB3-91F5722566F6}.Release|iPhoneSimulator.Build.0 = Release|Any CPU
		{9EFA3A12-537C-4009-BEB3-91F5722566F6}.Debug|iPhone.ActiveCfg = Debug|Any CPU
		{9EFA3A12-537C-4009-BEB3-91F5722566F6}.Debug|iPhone.Build.0 = Debug|Any CPU
		{6D22DF1D-1274-4B76-8EFD-985CE9415E16}.Debug|Any CPU.ActiveCfg = Debug|iPhoneSimulator
		{6D22DF1D-1274-4B76-8EFD-985CE9415E16}.Debug|Any CPU.Build.0 = Debug|iPhoneSimulator
		{6D22DF1D-1274-4B76-8EFD-985CE9415E16}.Release|Any CPU.ActiveCfg = Release|iPhone
		{6D22DF1D-1274-4B76-8EFD-985CE9415E16}.Release|Any CPU.Build.0 = Release|iPhone
		{6D22DF1D-1274-4B76-8EFD-985CE9415E16}.Debug|iPhoneSimulator.ActiveCfg = Debug|iPhoneSimulator
		{6D22DF1D-1274-4B76-8EFD-985CE9415E16}.Debug|iPhoneSimulator.Build.0 = Debug|iPhoneSimulator
		{6D22DF1D-1274-4B76-8EFD-985CE9415E16}.Release|iPhone.ActiveCfg = Release|iPhone
		{6D22DF1D-1274-4B76-8EFD-985CE9415E16}.Release|iPhone.Build.0 = Release|iPhone
		{6D22DF1D-1274-4B76-8EFD-985CE9415E16}.Release|iPhoneSimulator.ActiveCfg = Release|iPhoneSimulator
		{6D22DF1D-1274-4B76-8EFD-985CE9415E16}.Release|iPhoneSimulator.Build.0 = Release|iPhoneSimulator
		{6D22DF1D-1274-4B76-8EFD-985CE9415E16}.Debug|iPhone.ActiveCfg = Debug|iPhone
		{6D22DF1D-1274-4B76-8EFD-985CE9415E16}.Debug|iPhone.Build.0 = Debug|iPhone
		{73117548-7BA4-4427-A27B-BF1157F0C802}.Debug|Any CPU.ActiveCfg = Debug|Any CPU
		{73117548-7BA4-4427-A27B-BF1157F0C802}.Debug|Any CPU.Build.0 = Debug|Any CPU
		{73117548-7BA4-4427-A27B-BF1157F0C802}.Release|Any CPU.ActiveCfg = Release|Any CPU
		{73117548-7BA4-4427-A27B-BF1157F0C802}.Release|Any CPU.Build.0 = Release|Any CPU
		{73117548-7BA4-4427-A27B-BF1157F0C802}.Debug|iPhoneSimulator.ActiveCfg = Debug|Any CPU
		{73117548-7BA4-4427-A27B-BF1157F0C802}.Debug|iPhoneSimulator.Build.0 = Debug|Any CPU
		{73117548-7BA4-4427-A27B-BF1157F0C802}.Release|iPhone.ActiveCfg = Release|Any CPU
		{73117548-7BA4-4427-A27B-BF1157F0C802}.Release|iPhone.Build.0 = Release|Any CPU
		{73117548-7BA4-4427-A27B-BF1157F0C802}.Release|iPhoneSimulator.ActiveCfg = Release|Any CPU
		{73117548-7BA4-4427-A27B-BF1157F0C802}.Release|iPhoneSimulator.Build.0 = Release|Any CPU
		{73117548-7BA4-4427-A27B-BF1157F0C802}.Debug|iPhone.ActiveCfg = Debug|Any CPU
		{73117548-7BA4-4427-A27B-BF1157F0C802}.Debug|iPhone.Build.0 = Debug|Any CPU
	EndGlobalSection
EndGlobal
